
Microsoft Visual Studio Solution File, Format Version 12.00
# Visual Studio Version 16
VisualStudioVersion = 16.0.30225.117
MinimumVisualStudioVersion = 10.0.40219.1
Project("{FAE04EC0-301F-11D3-BF4B-00C04F79EFBC}") = "InvoiceAPI", "InvoiceAPI\InvoiceAPI.csproj", "{73023864-6B74-46C1-A465-A9C5B8F5AF3A}"
EndProject
Project("{FAE04EC0-301F-11D3-BF4B-00C04F79EFBC}") = "InvoiceAPI.Data", "InvoiceAPI.Data\InvoiceAPI.Data.csproj", "{76FDEF32-427B-41EB-B8BE-59807EF6C039}"
EndProject
Global
	GlobalSection(SolutionConfigurationPlatforms) = preSolution
		Debug|Any CPU = Debug|Any CPU
		Release|Any CPU = Release|Any CPU
	EndGlobalSection
	GlobalSection(ProjectConfigurationPlatforms) = postSolution
		{73023864-6B74-46C1-A465-A9C5B8F5AF3A}.Debug|Any CPU.ActiveCfg = Debug|Any CPU
		{73023864-6B74-46C1-A465-A9C5B8F5AF3A}.Debug|Any CPU.Build.0 = Debug|Any CPU
		{73023864-6B74-46C1-A465-A9C5B8F5AF3A}.Release|Any CPU.ActiveCfg = Release|Any CPU
		{73023864-6B74-46C1-A465-A9C5B8F5AF3A}.Release|Any CPU.Build.0 = Release|Any CPU
		{76FDEF32-427B-41EB-B8BE-59807EF6C039}.Debug|Any CPU.ActiveCfg = Debug|Any CPU
		{76FDEF32-427B-41EB-B8BE-59807EF6C039}.Debug|Any CPU.Build.0 = Debug|Any CPU
		{76FDEF32-427B-41EB-B8BE-59807EF6C039}.Release|Any CPU.ActiveCfg = Release|Any CPU
		{76FDEF32-427B-41EB-B8BE-59807EF6C039}.Release|Any CPU.Build.0 = Release|Any CPU
	EndGlobalSection
	GlobalSection(SolutionProperties) = preSolution
		HideSolutionNode = FALSE
	EndGlobalSection
	GlobalSection(ExtensibilityGlobals) = postSolution
		SolutionGuid = {150FBD21-2277-47B5-ADB0-C56E49157FC4}
	EndGlobalSection
EndGlobal
